
Microsoft Visual Studio Solution File, Format Version 12.00
# Visual Studio Version 17
VisualStudioVersion = 17.6.33815.320
MinimumVisualStudioVersion = 10.0.40219.1
Project("{FAE04EC0-301F-11D3-BF4B-00C04F79EFBC}") = "MusicManagementConsole", "MusicManagementConsole.csproj", "{C1FAC744-7F0E-4F56-AFFA-7C946E3ECBA3}"
EndProject
Global
	GlobalSection(SolutionConfigurationPlatforms) = preSolution
		Debug|Any CPU = Debug|Any CPU
		Release|Any CPU = Release|Any CPU
	EndGlobalSection
	GlobalSection(ProjectConfigurationPlatforms) = postSolution
		{C1FAC744-7F0E-4F56-AFFA-7C946E3ECBA3}.Debug|Any CPU.ActiveCfg = Debug|Any CPU
		{C1FAC744-7F0E-4F56-AFFA-7C946E3ECBA3}.Debug|Any CPU.Build.0 = Debug|Any CPU
		{C1FAC744-7F0E-4F56-AFFA-7C946E3ECBA3}.Release|Any CPU.ActiveCfg = Release|Any CPU
		{C1FAC744-7F0E-4F56-AFFA-7C946E3ECBA3}.Release|Any CPU.Build.0 = Release|Any CPU
	EndGlobalSection
	GlobalSection(SolutionProperties) = preSolution
		HideSolutionNode = FALSE
	EndGlobalSection
	GlobalSection(ExtensibilityGlobals) = postSolution
		SolutionGuid = {484D5EC0-8F07-4B23-8AE5-6AA16A4D6BCF}
	EndGlobalSection
EndGlobal
